
Microsoft Visual Studio Solution File, Format Version 12.00
# Visual Studio 15
VisualStudioVersion = 15.0.28010.2046
MinimumVisualStudioVersion = 10.0.40219.1
Project("{FAE04EC0-301F-11D3-BF4B-00C04F79EFBC}") = "AssemblyDefender.UI.Shell", "src\AssemblyDefender.UI.Shell\AssemblyDefender.UI.Shell.csproj", "{A246DDD7-3DB2-4872-89E7-340FD3275676}"
EndProject
Project("{FAE04EC0-301F-11D3-BF4B-00C04F79EFBC}") = "AssemblyDefender.Common", "src\AssemblyDefender.Common\AssemblyDefender.Common.csproj", "{1357FC2E-23F0-4111-B4C9-9D5E083033E6}"
EndProject
Project("{FAE04EC0-301F-11D3-BF4B-00C04F79EFBC}") = "AssemblyDefender.PE", "src\AssemblyDefender.PE\AssemblyDefender.PE.csproj", "{8246299C-B667-4AE9-959C-586C630A3AF1}"
EndProject
Project("{FAE04EC0-301F-11D3-BF4B-00C04F79EFBC}") = "AssemblyDefender", "src\AssemblyDefender\AssemblyDefender.csproj", "{5BC121EF-CBE5-4E5D-AE56-E17F3B617250}"
EndProject
Project("{FAE04EC0-301F-11D3-BF4B-00C04F79EFBC}") = "AssemblyDefender.Net", "src\AssemblyDefender.Net\AssemblyDefender.Net.csproj", "{3CF10211-9D80-423D-9610-97079336D76A}"
EndProject
Project("{FAE04EC0-301F-11D3-BF4B-00C04F79EFBC}") = "AssemblyDefender.UI.Model", "src\AssemblyDefender.UI.Model\AssemblyDefender.UI.Model.csproj", "{CC4CDEB1-3E6D-45DE-B8EF-6E0D92512975}"
EndProject
Project("{FAE04EC0-301F-11D3-BF4B-00C04F79EFBC}") = "AssemblyDefender.Baml", "src\AssemblyDefender.Baml\AssemblyDefender.Baml.csproj", "{4C6EFFCE-2D3E-4FF5-90BA-C37AADCEDED1}"
EndProject
Project("{FAE04EC0-301F-11D3-BF4B-00C04F79EFBC}") = "AssemblyDefender.UI", "src\AssemblyDefender.UI\AssemblyDefender.UI.csproj", "{3CDBD784-5363-4ACF-AA65-7FA36DFD4C54}"
EndProject
Project("{FAE04EC0-301F-11D3-BF4B-00C04F79EFBC}") = "AssemblyDefenderBuilder", "src\AssemblyDefenderBuilder\AssemblyDefenderBuilder.csproj", "{28915E16-9017-4C2D-9D59-EDAA65DE844E}"
EndProject
Global
	GlobalSection(SolutionConfigurationPlatforms) = preSolution
		Debug|Any CPU = Debug|Any CPU
		Release|Any CPU = Release|Any CPU
	EndGlobalSection
	GlobalSection(ProjectConfigurationPlatforms) = postSolution
		{A246DDD7-3DB2-4872-89E7-340FD3275676}.Debug|Any CPU.ActiveCfg = Debug|Any CPU
		{A246DDD7-3DB2-4872-89E7-340FD3275676}.Debug|Any CPU.Build.0 = Debug|Any CPU
		{A246DDD7-3DB2-4872-89E7-340FD3275676}.Release|Any CPU.ActiveCfg = Release|Any CPU
		{A246DDD7-3DB2-4872-89E7-340FD3275676}.Release|Any CPU.Build.0 = Release|Any CPU
		{1357FC2E-23F0-4111-B4C9-9D5E083033E6}.Debug|Any CPU.ActiveCfg = Debug|Any CPU
		{1357FC2E-23F0-4111-B4C9-9D5E083033E6}.Debug|Any CPU.Build.0 = Debug|Any CPU
		{1357FC2E-23F0-4111-B4C9-9D5E083033E6}.Release|Any CPU.ActiveCfg = Release|Any CPU
		{1357FC2E-23F0-4111-B4C9-9D5E083033E6}.Release|Any CPU.Build.0 = Release|Any CPU
		{8246299C-B667-4AE9-959C-586C630A3AF1}.Debug|Any CPU.ActiveCfg = Debug|Any CPU
		{8246299C-B667-4AE9-959C-586C630A3AF1}.Debug|Any CPU.Build.0 = Debug|Any CPU
		{8246299C-B667-4AE9-959C-586C630A3AF1}.Release|Any CPU.ActiveCfg = Release|Any CPU
		{8246299C-B667-4AE9-959C-586C630A3AF1}.Release|Any CPU.Build.0 = Release|Any CPU
		{5BC121EF-CBE5-4E5D-AE56-E17F3B617250}.Debug|Any CPU.ActiveCfg = Debug|Any CPU
		{5BC121EF-CBE5-4E5D-AE56-E17F3B617250}.Debug|Any CPU.Build.0 = Debug|Any CPU
		{5BC121EF-CBE5-4E5D-AE56-E17F3B617250}.Release|Any CPU.ActiveCfg = Release|Any CPU
		{5BC121EF-CBE5-4E5D-AE56-E17F3B617250}.Release|Any CPU.Build.0 = Release|Any CPU
		{3CF10211-9D80-423D-9610-97079336D76A}.Debug|Any CPU.ActiveCfg = Debug|Any CPU
		{3CF10211-9D80-423D-9610-97079336D76A}.Debug|Any CPU.Build.0 = Debug|Any CPU
		{3CF10211-9D80-423D-9610-97079336D76A}.Release|Any CPU.ActiveCfg = Release|Any CPU
		{3CF10211-9D80-423D-9610-97079336D76A}.Release|Any CPU.Build.0 = Release|Any CPU
		{CC4CDEB1-3E6D-45DE-B8EF-6E0D92512975}.Debug|Any CPU.ActiveCfg = Debug|Any CPU
		{CC4CDEB1-3E6D-45DE-B8EF-6E0D92512975}.Debug|Any CPU.Build.0 = Debug|Any CPU
		{CC4CDEB1-3E6D-45DE-B8EF-6E0D92512975}.Release|Any CPU.ActiveCfg = Release|Any CPU
		{CC4CDEB1-3E6D-45DE-B8EF-6E0D92512975}.Release|Any CPU.Build.0 = Release|Any CPU
		{4C6EFFCE-2D3E-4FF5-90BA-C37AADCEDED1}.Debug|Any CPU.ActiveCfg = Debug|Any CPU
		{4C6EFFCE-2D3E-4FF5-90BA-C37AADCEDED1}.Debug|Any CPU.Build.0 = Debug|Any CPU
		{4C6EFFCE-2D3E-4FF5-90BA-C37AADCEDED1}.Release|Any CPU.ActiveCfg = Release|Any CPU
		{4C6EFFCE-2D3E-4FF5-90BA-C37AADCEDED1}.Release|Any CPU.Build.0 = Release|Any CPU
		{3CDBD784-5363-4ACF-AA65-7FA36DFD4C54}.Debug|Any CPU.ActiveCfg = Debug|Any CPU
		{3CDBD784-5363-4ACF-AA65-7FA36DFD4C54}.Debug|Any CPU.Build.0 = Debug|Any CPU
		{3CDBD784-5363-4ACF-AA65-7FA36DFD4C54}.Release|Any CPU.ActiveCfg = Release|Any CPU
		{3CDBD784-5363-4ACF-AA65-7FA36DFD4C54}.Release|Any CPU.Build.0 = Release|Any CPU
		{28915E16-9017-4C2D-9D59-EDAA65DE844E}.Debug|Any CPU.ActiveCfg = Debug|Any CPU
		{28915E16-9017-4C2D-9D59-EDAA65DE844E}.Debug|Any CPU.Build.0 = Debug|Any CPU
		{28915E16-9017-4C2D-9D59-EDAA65DE844E}.Release|Any CPU.ActiveCfg = Release|Any CPU
		{28915E16-9017-4C2D-9D59-EDAA65DE844E}.Release|Any CPU.Build.0 = Release|Any CPU
	EndGlobalSection
	GlobalSection(SolutionProperties) = preSolution
		HideSolutionNode = FALSE
	EndGlobalSection
	GlobalSection(ExtensibilityGlobals) = postSolution
		SolutionGuid = {F926CE6C-95ED-4771-AF4F-DC3467855DFF}
	EndGlobalSection
EndGlobal
